
Microsoft Visual Studio Solution File, Format Version 12.00
# Visual Studio Version 17
VisualStudioVersion = 17.9.34622.214
MinimumVisualStudioVersion = 10.0.40219.1
Project("{FAE04EC0-301F-11D3-BF4B-00C04F79EFBC}") = "AI TEST 2", "AI TEST 2\AI TEST 2.csproj", "{5E46E3FD-0367-4E0E-BCAE-7C96C64F6D7E}"
EndProject
Global
	GlobalSection(SolutionConfigurationPlatforms) = preSolution
		Debug|Any CPU = Debug|Any CPU
		Release|Any CPU = Release|Any CPU
	EndGlobalSection
	GlobalSection(ProjectConfigurationPlatforms) = postSolution
		{5E46E3FD-0367-4E0E-BCAE-7C96C64F6D7E}.Debug|Any CPU.ActiveCfg = Debug|Any CPU
		{5E46E3FD-0367-4E0E-BCAE-7C96C64F6D7E}.Debug|Any CPU.Build.0 = Debug|Any CPU
		{5E46E3FD-0367-4E0E-BCAE-7C96C64F6D7E}.Release|Any CPU.ActiveCfg = Release|Any CPU
		{5E46E3FD-0367-4E0E-BCAE-7C96C64F6D7E}.Release|Any CPU.Build.0 = Release|Any CPU
	EndGlobalSection
	GlobalSection(SolutionProperties) = preSolution
		HideSolutionNode = FALSE
	EndGlobalSection
	GlobalSection(ExtensibilityGlobals) = postSolution
		SolutionGuid = {550F2206-F97E-4E12-8137-2937CCCA10EB}
	EndGlobalSection
EndGlobal
